// !$*UTF8*$!
{
	archiveVersion = 1;
	classes = {
	};
	objectVersion = 46;
	objects = {

/* Begin PBXBuildFile section */
		879095A51D3A70E100E9FDB7 /* AppDelegate.swift in Sources */ = {isa = PBXBuildFile; fileRef = 879095A41D3A70E100E9FDB7 /* AppDelegate.swift */; };
		879095A71D3A70E100E9FDB7 /* ViewController.swift in Sources */ = {isa = PBXBuildFile; fileRef = 879095A61D3A70E100E9FDB7 /* ViewController.swift */; };
		879095AA1D3A70E100E9FDB7 /* Main.storyboard in Resources */ = {isa = PBXBuildFile; fileRef = 879095A81D3A70E100E9FDB7 /* Main.storyboard */; };
		879095AC1D3A70E100E9FDB7 /* Assets.xcassets in Resources */ = {isa = PBXBuildFile; fileRef = 879095AB1D3A70E100E9FDB7 /* Assets.xcassets */; };
		879095AF1D3A70E100E9FDB7 /* LaunchScreen.storyboard in Resources */ = {isa = PBXBuildFile; fileRef = 879095AD1D3A70E100E9FDB7 /* LaunchScreen.storyboard */; };
/* End PBXBuildFile section */

/* Begin PBXFileReference section */
		879095A11D3A70E100E9FDB7 /* SuperCool.app */ = {isa = PBXFileReference; explicitFileType = wrapper.application; includeInIndex = 0; path = SuperCool.app; sourceTree = BUILT_PRODUCTS_DIR; };
		879095A41D3A70E100E9FDB7 /* AppDelegate.swift */ = {isa = PBXFileReference; lastKnownFileType = sourcecode.swift; path = AppDelegate.swift; sourceTree = "<group>"; };
		879095A61D3A70E100E9FDB7 /* ViewController.swift */ = {isa = PBXFileReference; lastKnownFileType = sourcecode.swift; path = ViewController.swift; sourceTree = "<group>"; };
		879095A91D3A70E100E9FDB7 /* Base */ = {isa = PBXFileReference; lastKnownFileType = file.storyboard; name = Base; path = Base.lproj/Main.storyboard; sourceTree = "<group>"; };
		879095AB1D3A70E100E9FDB7 /* Assets.xcassets */ = {isa = PBXFileReference; lastKnownFileType = folder.assetcatalog; path = Assets.xcassets; sourceTree = "<group>"; };
		879095AE1D3A70E100E9FDB7 /* Base */ = {isa = PBXFileReference; lastKnownFileType = file.storyboard; name = Base; path = Base.lproj/LaunchScreen.storyboard; sourceTree = "<group>"; };
		879095B01D3A70E100E9FDB7 /* Info.plist */ = {isa = PBXFileReference; lastKnownFileType = text.plist.xml; path = Info.plist; sourceTree = "<group>"; };
/* End PBXFileReference section */

/* Begin PBXFrameworksBuildPhase section */
		8790959E1D3A70E100E9FDB7 /* Frameworks */ = {
			isa = PBXFrameworksBuildPhase;
			buildActionMask = 2147483647;
			files = (
			);
			runOnlyForDeploymentPostprocessing = 0;
		};
/* End PBXFrameworksBuildPhase section */

/* Begin PBXGroup section */
		879095981D3A70E100E9FDB7 = {
			isa = PBXGroup;
			children = (
				879095A31D3A70E100E9FDB7 /* SuperCool */,
				879095A21D3A70E100E9FDB7 /* Products */,
			);
			sourceTree = "<group>";
		};
		879095A21D3A70E100E9FDB7 /* Products */ = {
			isa = PBXGroup;
			children = (
				879095A11D3A70E100E9FDB7 /* SuperCool.app */,
			);
			name = Products;
			sourceTree = "<group>";
		};
		879095A31D3A70E100E9FDB7 /* SuperCool */ = {
			isa = PBXGroup;
			children = (
				879095A41D3A70E100E9FDB7 /* AppDelegate.swift */,
				879095A61D3A70E100E9FDB7 /* ViewController.swift */,
				879095A81D3A70E100E9FDB7 /* Main.storyboard */,
				879095AB1D3A70E100E9FDB7 /* Assets.xcassets */,
				879095AD1D3A70E100E9FDB7 /* LaunchScreen.storyboard */,
				879095B01D3A70E100E9FDB7 /* Info.plist */,
			);
			path = SuperCool;
			sourceTree = "<group>";
		};
/* End PBXGroup section */

/* Begin PBXNativeTarget section */
		879095A01D3A70E100E9FDB7 /* SuperCool */ = {
			isa = PBXNativeTarget;
			buildConfigurationList = 879095B31D3A70E100E9FDB7 /* Build configuration list for PBXNativeTarget "SuperCool" */;
			buildPhases = (
				8790959D1D3A70E100E9FDB7 /* Sources */,
				8790959E1D3A70E100E9FDB7 /* Frameworks */,
				8790959F1D3A70E100E9FDB7 /* Resources */,
			);
			buildRules = (
			);
			dependencies = (
			);
			name = SuperCool;
			productName = SuperCool;
			productReference = 879095A11D3A70E100E9FDB7 /* SuperCool.app */;
			productType = "com.apple.product-type.application";
		};
/* End PBXNativeTarget section */

/* Begin PBXProject section */
		879095991D3A70E100E9FDB7 /* Project object */ = {
			isa = PBXProject;
			attributes = {
				LastSwiftUpdateCheck = 0730;
				LastUpgradeCheck = 0730;
				ORGANIZATIONNAME = "Greg Dykes";
				TargetAttributes = {
					879095A01D3A70E100E9FDB7 = {
						CreatedOnToolsVersion = 7.3.1;
						DevelopmentTeam = 6GJ42BN7LF;
					};
				};
			};
			buildConfigurationList = 8790959C1D3A70E100E9FDB7 /* Build configuration list for PBXProject "SuperCool" */;
			compatibilityVersion = "Xcode 3.2";
			developmentRegion = English;
			hasScannedForEncodings = 0;
			knownRegions = (
				en,
				Base,
			);
			mainGroup = 879095981D3A70E100E9FDB7;
			productRefGroup = 879095A21D3A70E100E9FDB7 /* Products */;
			projectDirPath = "";
			projectRoot = "";
			targets = (
				879095A01D3A70E100E9FDB7 /* SuperCool */,
			);
		};
/* End PBXProject section */

/* Begin PBXResourcesBuildPhase section */
		8790959F1D3A70E100E9FDB7 /* Resources */ = {
			isa = PBXResourcesBuildPhase;
			buildActionMask = 2147483647;
			files = (
				879095AF1D3A70E100E9FDB7 /* LaunchScreen.storyboard in Resources */,
				879095AC1D3A70E100E9FDB7 /* Assets.xcassets in Resources */,
				879095AA1D3A70E100E9FDB7 /* Main.storyboard in Resources */,
			);
			runOnlyForDeploymentPostprocessing = 0;
		};
/* End PBXResourcesBuildPhase section */

/* Begin PBXSourcesBuildPhase section */
		8790959D1D3A70E100E9FDB7 /* Sources */ = {
			isa = PBXSourcesBuildPhase;
			buildActionMask = 2147483647;
			files = (
				879095A71D3A70E100E9FDB7 /* ViewController.swift in Sources */,
				879095A51D3A70E100E9FDB7 /* AppDelegate.swift in Sources */,
			);
			runOnlyForDeploymentPostprocessing = 0;
		};
/* End PBXSourcesBuildPhase section */

/* Begin PBXVariantGroup section */
		879095A81D3A70E100E9FDB7 /* Main.storyboard */ = {
			isa = PBXVariantGroup;
			children = (
				879095A91D3A70E100E9FDB7 /* Base */,
			);
			name = Main.storyboard;
			sourceTree = "<group>";
		};
		879095AD1D3A70E100E9FDB7 /* LaunchScreen.storyboard */ = {
			isa = PBXVariantGroup;
			children = (
				879095AE1D3A70E100E9FDB7 /* Base */,
			);
			name = LaunchScreen.storyboard;
			sourceTree = "<group>";
		};
/* End PBXVariantGroup section */

/* Begin XCBuildConfiguration section */
		879095B11D3A70E100E9FDB7 /* Debug */ = {
			isa = XCBuildConfiguration;
			buildSettings = {
				ALWAYS_SEARCH_USER_PATHS = NO;
				CLANG_ANALYZER_NONNULL = YES;
				CLANG_CXX_LANGUAGE_STANDARD = "gnu++0x";
				CLANG_CXX_LIBRARY = "libc++";
				CLANG_ENABLE_MODULES = YES;
				CLANG_ENABLE_OBJC_ARC = YES;
				CLANG_WARN_BOOL_CONVERSION = YES;
				CLANG_WARN_CONSTANT_CONVERSION = YES;
				CLANG_WARN_DIRECT_OBJC_ISA_USAGE = YES_ERROR;
				CLANG_WARN_EMPTY_BODY = YES;
				CLANG_WARN_ENUM_CONVERSION = YES;
				CLANG_WARN_INT_CONVERSION = YES;
				CLANG_WARN_OBJC_ROOT_CLASS = YES_ERROR;
				CLANG_WARN_UNREACHABLE_CODE = YES;
				CLANG_WARN__DUPLICATE_METHOD_MATCH = YES;
				"CODE_SIGN_IDENTITY[sdk=iphoneos*]" = "iPhone Developer";
				COPY_PHASE_STRIP = NO;
				DEBUG_INFORMATION_FORMAT = dwarf;
				ENABLE_STRICT_OBJC_MSGSEND = YES;
				ENABLE_TESTABILITY = YES;
				GCC_C_LANGUAGE_STANDARD = gnu99;
				GCC_DYNAMIC_NO_PIC = NO;
				GCC_NO_COMMON_BLOCKS = YES;
				GCC_OPTIMIZATION_LEVEL = 0;
				GCC_PREPROCESSOR_DEFINITIONS = (
					"DEBUG=1",
					"$(inherited)",
				);
				GCC_WARN_64_TO_32_BIT_CONVERSION = YES;
				GCC_WARN_ABOUT_RETURN_TYPE = YES_ERROR;
				GCC_WARN_UNDECLARED_SELECTOR = YES;
				GCC_WARN_UNINITIALIZED_AUTOS = YES_AGGRESSIVE;
				GCC_WARN_UNUSED_FUNCTION = YES;
				GCC_WARN_UNUSED_VARIABLE = YES;
				IPHONEOS_DEPLOYMENT_TARGET = 9.3;
				MTL_ENABLE_DEBUG_INFO = YES;
				ONLY_ACTIVE_ARCH = YES;
				SDKROOT = iphoneos;
				SWIFT_OPTIMIZATION_LEVEL = "-Onone";
			};
			name = Debug;
		};
		879095B21D3A70E100E9FDB7 /* Release */ = {
			isa = XCBuildConfiguration;
			buildSettings = {
				ALWAYS_SEARCH_USER_PATHS = NO;
				CLANG_ANALYZER_NONNULL = YES;
				CLANG_CXX_LANGUAGE_STANDARD = "gnu++0x";
				CLANG_CXX_LIBRARY = "libc++";
				CLANG_ENABLE_MODULES = YES;
				CLANG_ENABLE_OBJC_ARC = YES;
				CLANG_WARN_BOOL_CONVERSION = YES;
				CLANG_WARN_CONSTANT_CONVERSION = YES;
				CLANG_WARN_DIRECT_OBJC_ISA_USAGE = YES_ERROR;
				CLANG_WARN_EMPTY_BODY = YES;
				CLANG_WARN_ENUM_CONVERSION = YES;
				CLANG_WARN_INT_CONVERSION = YES;
				CLANG_WARN_OBJC_ROOT_CLASS = YES_ERROR;
				CLANG_WARN_UNREACHABLE_CODE = YES;
				CLANG_WARN__DUPLICATE_METHOD_MATCH = YES;
				"CODE_SIGN_IDENTITY[sdk=iphoneos*]" = "iPhone Developer";
				COPY_PHASE_STRIP = NO;
				DEBUG_INFORMATION_FORMAT = "dwarf-with-dsym";
				ENABLE_NS_ASSERTIONS = NO;
				ENABLE_STRICT_OBJC_MSGSEND = YES;
				GCC_C_LANGUAGE_STANDARD = gnu99;
				GCC_NO_COMMON_BLOCKS = YES;
				GCC_WARN_64_TO_32_BIT_CONVERSION = YES;
				GCC_WARN_ABOUT_RETURN_TYPE = YES_ERROR;
				GCC_WARN_UNDECLARED_SELECTOR = YES;
				GCC_WARN_UNINITIALIZED_AUTOS = YES_AGGRESSIVE;
				GCC_WARN_UNUSED_FUNCTION = YES;
				GCC_WARN_UNUSED_VARIABLE = YES;
				IPHONEOS_DEPLOYMENT_TARGET = 9.3;
				MTL_ENABLE_DEBUG_INFO = NO;
				SDKROOT = iphoneos;
				VALIDATE_PRODUCT = YES;
			};
			name = Release;
		};
		879095B41D3A70E100E9FDB7 /* Debug */ = {
			isa = XCBuildConfiguration;
			buildSettings = {
				ASSETCATALOG_COMPILER_APPICON_NAME = AppIcon;
				CODE_SIGN_IDENTITY = "iPhone Developer";
				"CODE_SIGN_IDENTITY[sdk=iphoneos*]" = "iPhone Developer";
				INFOPLIST_FILE = SuperCool/Info.plist;
				LD_RUNPATH_SEARCH_PATHS = "$(inherited) @executable_path/Frameworks";
				PRODUCT_BUNDLE_IDENTIFIER = net.gregdykes.SuperCool;
				PRODUCT_NAME = "$(TARGET_NAME)";
				PROVISIONING_PROFILE = "";
			};
			name = Debug;
		};
		879095B51D3A70E100E9FDB7 /* Release */ = {
			isa = XCBuildConfiguration;
			buildSettings = {
				ASSETCATALOG_COMPILER_APPICON_NAME = AppIcon;
				CODE_SIGN_IDENTITY = "iPhone Developer";
				"CODE_SIGN_IDENTITY[sdk=iphoneos*]" = "iPhone Developer";
				INFOPLIST_FILE = SuperCool/Info.plist;
				LD_RUNPATH_SEARCH_PATHS = "$(inherited) @executable_path/Frameworks";
				PRODUCT_BUNDLE_IDENTIFIER = net.gregdykes.SuperCool;
				PRODUCT_NAME = "$(TARGET_NAME)";
				PROVISIONING_PROFILE = "";
			};
			name = Release;
		};
/* End XCBuildConfiguration section */

/* Begin XCConfigurationList section */
		8790959C1D3A70E100E9FDB7 /* Build configuration list for PBXProject "SuperCool" */ = {
			isa = XCConfigurationList;
			buildConfigurations = (
				879095B11D3A70E100E9FDB7 /* Debug */,
				879095B21D3A70E100E9FDB7 /* Release */,
			);
			defaultConfigurationIsVisible = 0;
			defaultConfigurationName = Release;
		};
		879095B31D3A70E100E9FDB7 /* Build configuration list for PBXNativeTarget "SuperCool" */ = {
			isa = XCConfigurationList;
			buildConfigurations = (
				879095B41D3A70E100E9FDB7 /* Debug */,
				879095B51D3A70E100E9FDB7 /* Release */,
			);
			defaultConfigurationIsVisible = 0;
		};
/* End XCConfigurationList section */
	};
	rootObject = 879095991D3A70E100E9FDB7 /* Project object */;
}
